// !$*UTF8*$!
{
	archiveVersion = 1;
	classes = {
	};
	objectVersion = 46;
	objects = {

/* Begin PBXBuildFile section */
		1497BDFD1EBFC054003186A3 /* AppDelegate.swift in Sources */ = {isa = PBXBuildFile; fileRef = 1497BDFC1EBFC054003186A3 /* AppDelegate.swift */; };
		1497BDFF1EBFC054003186A3 /* ViewController.swift in Sources */ = {isa = PBXBuildFile; fileRef = 1497BDFE1EBFC054003186A3 /* ViewController.swift */; };
		1497BE041EBFC054003186A3 /* Assets.xcassets in Resources */ = {isa = PBXBuildFile; fileRef = 1497BE031EBFC054003186A3 /* Assets.xcassets */; };
		1497BE111EBFC311003186A3 /* SpreadsheetView.framework in Frameworks */ = {isa = PBXBuildFile; fileRef = 1497BE101EBFC311003186A3 /* SpreadsheetView.framework */; };
		1497BE121EBFC311003186A3 /* SpreadsheetView.framework in Embed Frameworks */ = {isa = PBXBuildFile; fileRef = 1497BE101EBFC311003186A3 /* SpreadsheetView.framework */; settings = {ATTRIBUTES = (CodeSignOnCopy, RemoveHeadersOnCopy, ); }; };
		1497BE161EBFC3F5003186A3 /* Cells.swift in Sources */ = {isa = PBXBuildFile; fileRef = 1497BE151EBFC3F5003186A3 /* Cells.swift */; };
		1497BE1C1EBFC6AA003186A3 /* LaunchScreen.storyboard in Resources */ = {isa = PBXBuildFile; fileRef = 1497BE181EBFC6AA003186A3 /* LaunchScreen.storyboard */; };
		1497BE1D1EBFC6AA003186A3 /* Main.storyboard in Resources */ = {isa = PBXBuildFile; fileRef = 1497BE1A1EBFC6AA003186A3 /* Main.storyboard */; };
/* End PBXBuildFile section */

/* Begin PBXCopyFilesBuildPhase section */
		1497BE131EBFC311003186A3 /* Embed Frameworks */ = {
			isa = PBXCopyFilesBuildPhase;
			buildActionMask = 2147483647;
			dstPath = "";
			dstSubfolderSpec = 10;
			files = (
				1497BE121EBFC311003186A3 /* SpreadsheetView.framework in Embed Frameworks */,
			);
			name = "Embed Frameworks";
			runOnlyForDeploymentPostprocessing = 0;
		};
/* End PBXCopyFilesBuildPhase section */

/* Begin PBXFileReference section */
		1497BDF91EBFC054003186A3 /* GanttChart.app */ = {isa = PBXFileReference; explicitFileType = wrapper.application; includeInIndex = 0; path = GanttChart.app; sourceTree = BUILT_PRODUCTS_DIR; };
		1497BDFC1EBFC054003186A3 /* AppDelegate.swift */ = {isa = PBXFileReference; lastKnownFileType = sourcecode.swift; path = AppDelegate.swift; sourceTree = "<group>"; };
		1497BDFE1EBFC054003186A3 /* ViewController.swift */ = {isa = PBXFileReference; lastKnownFileType = sourcecode.swift; path = ViewController.swift; sourceTree = "<group>"; };
		1497BE031EBFC054003186A3 /* Assets.xcassets */ = {isa = PBXFileReference; lastKnownFileType = folder.assetcatalog; path = Assets.xcassets; sourceTree = "<group>"; };
		1497BE101EBFC311003186A3 /* SpreadsheetView.framework */ = {isa = PBXFileReference; explicitFileType = wrapper.framework; path = SpreadsheetView.framework; sourceTree = BUILT_PRODUCTS_DIR; };
		1497BE151EBFC3F5003186A3 /* Cells.swift */ = {isa = PBXFileReference; fileEncoding = 4; lastKnownFileType = sourcecode.swift; path = Cells.swift; sourceTree = "<group>"; };
		1497BE191EBFC6AA003186A3 /* Base */ = {isa = PBXFileReference; lastKnownFileType = file.storyboard; name = Base; path = LaunchScreen.storyboard; sourceTree = "<group>"; };
		1497BE1B1EBFC6AA003186A3 /* Base */ = {isa = PBXFileReference; lastKnownFileType = file.storyboard; name = Base; path = Main.storyboard; sourceTree = "<group>"; };
		1497BE201EBFC712003186A3 /* Info.plist */ = {isa = PBXFileReference; fileEncoding = 4; lastKnownFileType = text.plist.xml; path = Info.plist; sourceTree = "<group>"; };
/* End PBXFileReference section */

/* Begin PBXFrameworksBuildPhase section */
		1497BDF61EBFC054003186A3 /* Frameworks */ = {
			isa = PBXFrameworksBuildPhase;
			buildActionMask = 2147483647;
			files = (
				1497BE111EBFC311003186A3 /* SpreadsheetView.framework in Frameworks */,
			);
			runOnlyForDeploymentPostprocessing = 0;
		};
/* End PBXFrameworksBuildPhase section */

/* Begin PBXGroup section */
		1497BDF01EBFC054003186A3 = {
			isa = PBXGroup;
			children = (
				1497BE0E1EBFC094003186A3 /* Sources */,
				1497BE141EBFC322003186A3 /* Frameworks */,
				1497BDFA1EBFC054003186A3 /* Products */,
			);
			sourceTree = "<group>";
		};
		1497BDFA1EBFC054003186A3 /* Products */ = {
			isa = PBXGroup;
			children = (
				1497BDF91EBFC054003186A3 /* GanttChart.app */,
			);
			name = Products;
			sourceTree = "<group>";
		};
		1497BE0E1EBFC094003186A3 /* Sources */ = {
			isa = PBXGroup;
			children = (
				1497BDFC1EBFC054003186A3 /* AppDelegate.swift */,
				1497BDFE1EBFC054003186A3 /* ViewController.swift */,
				1497BE151EBFC3F5003186A3 /* Cells.swift */,
				1497BE1E1EBFC6C8003186A3 /* Assets */,
				1497BE1F1EBFC6D2003186A3 /* Supporting Files */,
			);
			path = Sources;
			sourceTree = "<group>";
		};
		1497BE141EBFC322003186A3 /* Frameworks */ = {
			isa = PBXGroup;
			children = (
				1497BE101EBFC311003186A3 /* SpreadsheetView.framework */,
			);
			name = Frameworks;
			sourceTree = "<group>";
		};
		1497BE1E1EBFC6C8003186A3 /* Assets */ = {
			isa = PBXGroup;
			children = (
				1497BE1A1EBFC6AA003186A3 /* Main.storyboard */,
				1497BE181EBFC6AA003186A3 /* LaunchScreen.storyboard */,
				1497BE031EBFC054003186A3 /* Assets.xcassets */,
			);
			name = Assets;
			sourceTree = "<group>";
		};
		1497BE1F1EBFC6D2003186A3 /* Supporting Files */ = {
			isa = PBXGroup;
			children = (
				1497BE201EBFC712003186A3 /* Info.plist */,
			);
			name = "Supporting Files";
			sourceTree = "<group>";
		};
/* End PBXGroup section */

/* Begin PBXNativeTarget section */
		1497BDF81EBFC054003186A3 /* GanttChart */ = {
			isa = PBXNativeTarget;
			buildConfigurationList = 1497BE0B1EBFC054003186A3 /* Build configuration list for PBXNativeTarget "GanttChart" */;
			buildPhases = (
				1497BDF51EBFC054003186A3 /* Sources */,
				1497BDF61EBFC054003186A3 /* Frameworks */,
				1497BDF71EBFC054003186A3 /* Resources */,
				1497BE131EBFC311003186A3 /* Embed Frameworks */,
			);
			buildRules = (
			);
			dependencies = (
			);
			name = GanttChart;
			productName = GanttChart;
			productReference = 1497BDF91EBFC054003186A3 /* GanttChart.app */;
			productType = "com.apple.product-type.application";
		};
/* End PBXNativeTarget section */

/* Begin PBXProject section */
		1497BDF11EBFC054003186A3 /* Project object */ = {
			isa = PBXProject;
			attributes = {
				LastSwiftUpdateCheck = 0820;
				LastUpgradeCheck = 1020;
				ORGANIZATIONNAME = "Kishikawa Katsumi";
				TargetAttributes = {
					1497BDF81EBFC054003186A3 = {
						CreatedOnToolsVersion = 8.2.1;
						DevelopmentTeam = 27AEDK3C9F;
						ProvisioningStyle = Automatic;
					};
				};
			};
			buildConfigurationList = 1497BDF41EBFC054003186A3 /* Build configuration list for PBXProject "GanttChart" */;
			compatibilityVersion = "Xcode 3.2";
			developmentRegion = en;
			hasScannedForEncodings = 0;
			knownRegions = (
				en,
				Base,
			);
			mainGroup = 1497BDF01EBFC054003186A3;
			productRefGroup = 1497BDFA1EBFC054003186A3 /* Products */;
			projectDirPath = "";
			projectRoot = "";
			targets = (
				1497BDF81EBFC054003186A3 /* GanttChart */,
			);
		};
/* End PBXProject section */

/* Begin PBXResourcesBuildPhase section */
		1497BDF71EBFC054003186A3 /* Resources */ = {
			isa = PBXResourcesBuildPhase;
			buildActionMask = 2147483647;
			files = (
				1497BE1D1EBFC6AA003186A3 /* Main.storyboard in Resources */,
				1497BE041EBFC054003186A3 /* Assets.xcassets in Resources */,
				1497BE1C1EBFC6AA003186A3 /* LaunchScreen.storyboard in Resources */,
			);
			runOnlyForDeploymentPostprocessing = 0;
		};
/* End PBXResourcesBuildPhase section */

/* Begin PBXSourcesBuildPhase section */
		1497BDF51EBFC054003186A3 /* Sources */ = {
			isa = PBXSourcesBuildPhase;
			buildActionMask = 2147483647;
			files = (
				1497BDFF1EBFC054003186A3 /* ViewController.swift in Sources */,
				1497BE161EBFC3F5003186A3 /* Cells.swift in Sources */,
				1497BDFD1EBFC054003186A3 /* AppDelegate.swift in Sources */,
			);
			runOnlyForDeploymentPostprocessing = 0;
		};
/* End PBXSourcesBuildPhase section */

/* Begin PBXVariantGroup section */
		1497BE181EBFC6AA003186A3 /* LaunchScreen.storyboard */ = {
			isa = PBXVariantGroup;
			children = (
				1497BE191EBFC6AA003186A3 /* Base */,
			);
			name = LaunchScreen.storyboard;
			path = Base.lproj;
			sourceTree = "<group>";
		};
		1497BE1A1EBFC6AA003186A3 /* Main.storyboard */ = {
			isa = PBXVariantGroup;
			children = (
				1497BE1B1EBFC6AA003186A3 /* Base */,
			);
			name = Main.storyboard;
			path = Base.lproj;
			sourceTree = "<group>";
		};
/* End PBXVariantGroup section */

/* Begin XCBuildConfiguration section */
		1497BE091EBFC054003186A3 /* Debug */ = {
			isa = XCBuildConfiguration;
			buildSettings = {
				ALWAYS_SEARCH_USER_PATHS = NO;
				CLANG_ANALYZER_LOCALIZABILITY_NONLOCALIZED = YES;
				CLANG_ANALYZER_NONNULL = YES;
				CLANG_CXX_LANGUAGE_STANDARD = "gnu++0x";
				CLANG_CXX_LIBRARY = "libc++";
				CLANG_ENABLE_MODULES = YES;
				CLANG_ENABLE_OBJC_ARC = YES;
				CLANG_WARN_BLOCK_CAPTURE_AUTORELEASING = YES;
				CLANG_WARN_BOOL_CONVERSION = YES;
				CLANG_WARN_COMMA = YES;
				CLANG_WARN_CONSTANT_CONVERSION = YES;
				CLANG_WARN_DEPRECATED_OBJC_IMPLEMENTATIONS = YES;
				CLANG_WARN_DIRECT_OBJC_ISA_USAGE = YES_ERROR;
				CLANG_WARN_DOCUMENTATION_COMMENTS = YES;
				CLANG_WARN_EMPTY_BODY = YES;
				CLANG_WARN_ENUM_CONVERSION = YES;
				CLANG_WARN_INFINITE_RECURSION = YES;
				CLANG_WARN_INT_CONVERSION = YES;
				CLANG_WARN_NON_LITERAL_NULL_CONVERSION = YES;
				CLANG_WARN_OBJC_IMPLICIT_RETAIN_SELF = YES;
				CLANG_WARN_OBJC_LITERAL_CONVERSION = YES;
				CLANG_WARN_OBJC_ROOT_CLASS = YES_ERROR;
				CLANG_WARN_RANGE_LOOP_ANALYSIS = YES;
				CLANG_WARN_STRICT_PROTOTYPES = YES;
				CLANG_WARN_SUSPICIOUS_MOVE = YES;
				CLANG_WARN_UNREACHABLE_CODE = YES;
				CLANG_WARN__DUPLICATE_METHOD_MATCH = YES;
				"CODE_SIGN_IDENTITY[sdk=iphoneos*]" = "iPhone Developer";
				COPY_PHASE_STRIP = NO;
				DEBUG_INFORMATION_FORMAT = dwarf;
				ENABLE_STRICT_OBJC_MSGSEND = YES;
				ENABLE_TESTABILITY = YES;
				GCC_C_LANGUAGE_STANDARD = gnu99;
				GCC_DYNAMIC_NO_PIC = NO;
				GCC_NO_COMMON_BLOCKS = YES;
				GCC_OPTIMIZATION_LEVEL = 0;
				GCC_PREPROCESSOR_DEFINITIONS = (
					"DEBUG=1",
					"$(inherited)",
				);
				GCC_WARN_64_TO_32_BIT_CONVERSION = YES;
				GCC_WARN_ABOUT_RETURN_TYPE = YES_ERROR;
				GCC_WARN_UNDECLARED_SELECTOR = YES;
				GCC_WARN_UNINITIALIZED_AUTOS = YES_AGGRESSIVE;
				GCC_WARN_UNUSED_FUNCTION = YES;
				GCC_WARN_UNUSED_VARIABLE = YES;
				IPHONEOS_DEPLOYMENT_TARGET = 10.2;
				MTL_ENABLE_DEBUG_INFO = YES;
				ONLY_ACTIVE_ARCH = YES;
				SDKROOT = iphoneos;
				SWIFT_ACTIVE_COMPILATION_CONDITIONS = DEBUG;
				SWIFT_OPTIMIZATION_LEVEL = "-Onone";
			};
			name = Debug;
		};
		1497BE0A1EBFC054003186A3 /* Release */ = {
			isa = XCBuildConfiguration;
			buildSettings = {
				ALWAYS_SEARCH_USER_PATHS = NO;
				CLANG_ANALYZER_LOCALIZABILITY_NONLOCALIZED = YES;
				CLANG_ANALYZER_NONNULL = YES;
				CLANG_CXX_LANGUAGE_STANDARD = "gnu++0x";
				CLANG_CXX_LIBRARY = "libc++";
				CLANG_ENABLE_MODULES = YES;
				CLANG_ENABLE_OBJC_ARC = YES;
				CLANG_WARN_BLOCK_CAPTURE_AUTORELEASING = YES;
				CLANG_WARN_BOOL_CONVERSION = YES;
				CLANG_WARN_COMMA = YES;
				CLANG_WARN_CONSTANT_CONVERSION = YES;
				CLANG_WARN_DEPRECATED_OBJC_IMPLEMENTATIONS = YES;
				CLANG_WARN_DIRECT_OBJC_ISA_USAGE = YES_ERROR;
				CLANG_WARN_DOCUMENTATION_COMMENTS = YES;
				CLANG_WARN_EMPTY_BODY = YES;
				CLANG_WARN_ENUM_CONVERSION = YES;
				CLANG_WARN_INFINITE_RECURSION = YES;
				CLANG_WARN_INT_CONVERSION = YES;
				CLANG_WARN_NON_LITERAL_NULL_CONVERSION = YES;
				CLANG_WARN_OBJC_IMPLICIT_RETAIN_SELF = YES;
				CLANG_WARN_OBJC_LITERAL_CONVERSION = YES;
				CLANG_WARN_OBJC_ROOT_CLASS = YES_ERROR;
				CLANG_WARN_RANGE_LOOP_ANALYSIS = YES;
				CLANG_WARN_STRICT_PROTOTYPES = YES;
				CLANG_WARN_SUSPICIOUS_MOVE = YES;
				CLANG_WARN_UNREACHABLE_CODE = YES;
				CLANG_WARN__DUPLICATE_METHOD_MATCH = YES;
				"CODE_SIGN_IDENTITY[sdk=iphoneos*]" = "iPhone Developer";
				COPY_PHASE_STRIP = NO;
				DEBUG_INFORMATION_FORMAT = "dwarf-with-dsym";
				ENABLE_NS_ASSERTIONS = NO;
				ENABLE_STRICT_OBJC_MSGSEND = YES;
				GCC_C_LANGUAGE_STANDARD = gnu99;
				GCC_NO_COMMON_BLOCKS = YES;
				GCC_WARN_64_TO_32_BIT_CONVERSION = YES;
				GCC_WARN_ABOUT_RETURN_TYPE = YES_ERROR;
				GCC_WARN_UNDECLARED_SELECTOR = YES;
				GCC_WARN_UNINITIALIZED_AUTOS = YES_AGGRESSIVE;
				GCC_WARN_UNUSED_FUNCTION = YES;
				GCC_WARN_UNUSED_VARIABLE = YES;
				IPHONEOS_DEPLOYMENT_TARGET = 10.2;
				MTL_ENABLE_DEBUG_INFO = NO;
				SDKROOT = iphoneos;
				SWIFT_OPTIMIZATION_LEVEL = "-Owholemodule";
				VALIDATE_PRODUCT = YES;
			};
			name = Release;
		};
		1497BE0C1EBFC054003186A3 /* Debug */ = {
			isa = XCBuildConfiguration;
			buildSettings = {
				ASSETCATALOG_COMPILER_APPICON_NAME = AppIcon;
				DEVELOPMENT_TEAM = 27AEDK3C9F;
				INFOPLIST_FILE = Sources/Info.plist;
				LD_RUNPATH_SEARCH_PATHS = "$(inherited) @executable_path/Frameworks";
				PRODUCT_BUNDLE_IDENTIFIER = com.kishikawakatsumi.GanttChart;
				PRODUCT_NAME = "$(TARGET_NAME)";
				SWIFT_VERSION = 3.0;
			};
			name = Debug;
		};
		1497BE0D1EBFC054003186A3 /* Release */ = {
			isa = XCBuildConfiguration;
			buildSettings = {
				ASSETCATALOG_COMPILER_APPICON_NAME = AppIcon;
				DEVELOPMENT_TEAM = 27AEDK3C9F;
				INFOPLIST_FILE = Sources/Info.plist;
				LD_RUNPATH_SEARCH_PATHS = "$(inherited) @executable_path/Frameworks";
				PRODUCT_BUNDLE_IDENTIFIER = com.kishikawakatsumi.GanttChart;
				PRODUCT_NAME = "$(TARGET_NAME)";
				SWIFT_VERSION = 3.0;
			};
			name = Release;
		};
/* End XCBuildConfiguration section */

/* Begin XCConfigurationList section */
		1497BDF41EBFC054003186A3 /* Build configuration list for PBXProject "GanttChart" */ = {
			isa = XCConfigurationList;
			buildConfigurations = (
				1497BE091EBFC054003186A3 /* Debug */,
				1497BE0A1EBFC054003186A3 /* Release */,
			);
			defaultConfigurationIsVisible = 0;
			defaultConfigurationName = Release;
		};
		1497BE0B1EBFC054003186A3 /* Build configuration list for PBXNativeTarget "GanttChart" */ = {
			isa = XCConfigurationList;
			buildConfigurations = (
				1497BE0C1EBFC054003186A3 /* Debug */,
				1497BE0D1EBFC054003186A3 /* Release */,
			);
			defaultConfigurationIsVisible = 0;
			defaultConfigurationName = Release;
		};
/* End XCConfigurationList section */
	};
	rootObject = 1497BDF11EBFC054003186A3 /* Project object */;
}
